
Microsoft Visual Studio Solution File, Format Version 12.00
# Visual Studio Version 17
VisualStudioVersion = 17.4.33213.308
MinimumVisualStudioVersion = 10.0.40219.1
Project("{FAE04EC0-301F-11D3-BF4B-00C04F79EFBC}") = "Ex31_2", "Ex31_2\Ex31_2.csproj", "{48A727EB-4F4D-4239-9BAF-03ABA3CE4E2C}"
EndProject
Global
	GlobalSection(SolutionConfigurationPlatforms) = preSolution
		Debug|Any CPU = Debug|Any CPU
		Release|Any CPU = Release|Any CPU
	EndGlobalSection
	GlobalSection(ProjectConfigurationPlatforms) = postSolution
		{48A727EB-4F4D-4239-9BAF-03ABA3CE4E2C}.Debug|Any CPU.ActiveCfg = Debug|Any CPU
		{48A727EB-4F4D-4239-9BAF-03ABA3CE4E2C}.Debug|Any CPU.Build.0 = Debug|Any CPU
		{48A727EB-4F4D-4239-9BAF-03ABA3CE4E2C}.Release|Any CPU.ActiveCfg = Release|Any CPU
		{48A727EB-4F4D-4239-9BAF-03ABA3CE4E2C}.Release|Any CPU.Build.0 = Release|Any CPU
	EndGlobalSection
	GlobalSection(SolutionProperties) = preSolution
		HideSolutionNode = FALSE
	EndGlobalSection
	GlobalSection(ExtensibilityGlobals) = postSolution
		SolutionGuid = {270AE6E8-84BF-4A02-B93A-9B5FE43D0E05}
	EndGlobalSection
EndGlobal
